
Microsoft Visual Studio Solution File, Format Version 12.00
# Visual Studio 15
VisualStudioVersion = 15.0.28010.2050
MinimumVisualStudioVersion = 10.0.40219.1
Project("{FAE04EC0-301F-11D3-BF4B-00C04F79EFBC}") = "Restaurant", "Restaurant\Restaurant.csproj", "{02A9549A-7270-42BE-B832-55560E14B738}"
EndProject
Global
	GlobalSection(SolutionConfigurationPlatforms) = preSolution
		Debug|Any CPU = Debug|Any CPU
		Release|Any CPU = Release|Any CPU
	EndGlobalSection
	GlobalSection(ProjectConfigurationPlatforms) = postSolution
		{02A9549A-7270-42BE-B832-55560E14B738}.Debug|Any CPU.ActiveCfg = Debug|Any CPU
		{02A9549A-7270-42BE-B832-55560E14B738}.Debug|Any CPU.Build.0 = Debug|Any CPU
		{02A9549A-7270-42BE-B832-55560E14B738}.Release|Any CPU.ActiveCfg = Release|Any CPU
		{02A9549A-7270-42BE-B832-55560E14B738}.Release|Any CPU.Build.0 = Release|Any CPU
	EndGlobalSection
	GlobalSection(SolutionProperties) = preSolution
		HideSolutionNode = FALSE
	EndGlobalSection
	GlobalSection(ExtensibilityGlobals) = postSolution
		SolutionGuid = {525ABC63-C816-4A7A-8037-37C25709AB59}
	EndGlobalSection
EndGlobal
